PODS:
  - Flutter (1.0.0)
  - isar_community_flutter_libs (1.0.0):
    - Flutter

DEPENDENCIES:
  - Flutter (from `Flutter`)
  - isar_community_flutter_libs (from `.symlinks/plugins/isar_community_flutter_libs/ios`)

EXTERNAL SOURCES:
  Flutter:
    :path: Flutter
  isar_community_flutter_libs:
    :path: ".symlinks/plugins/isar_community_flutter_libs/ios"

SPEC CHECKSUMS:
  Flutter: cabc95a1d2626b1b06e7179b784ebcf0c0cde467
  isar_community_flutter_libs: bede843185a61a05ff364a05c9b23209523f7e0d

PODFILE CHECKSUM: 10e99a0b84d58ab53526b07ff801fc996f4776a9

COCOAPODS: 1.16.2
